// !$*UTF8*$!
{
	archiveVersion = 1;
	classes = {
	};
	objectVersion = 50;
	objects = {

/* Begin PBXBuildFile section */
		FC03C2E3233E778C00CA0522 /* SciFi.mp3 in Resources */ = {isa = PBXBuildFile; fileRef = FC03C2E2233E778C00CA0522 /* SciFi.mp3 */; };
		FC03C2E8233E7A8100CA0522 /* Sonar.mp3 in Resources */ = {isa = PBXBuildFile; fileRef = FC03C2E4233E7A8100CA0522 /* Sonar.mp3 */; };
		FC03C2E9233E7A8100CA0522 /* Thunder.mp3 in Resources */ = {isa = PBXBuildFile; fileRef = FC03C2E5233E7A8100CA0522 /* Thunder.mp3 */; };
		FC03C2EA233E7A8100CA0522 /* Magical.mp3 in Resources */ = {isa = PBXBuildFile; fileRef = FC03C2E6233E7A8100CA0522 /* Magical.mp3 */; };
		FC03C2EB233E7A8100CA0522 /* Doorbell.mp3 in Resources */ = {isa = PBXBuildFile; fileRef = FC03C2E7233E7A8100CA0522 /* Doorbell.mp3 */; };
		FC03C2EF233E867200CA0522 /* ReachAbility.swift in Sources */ = {isa = PBXBuildFile; fileRef = FC03C2EE233E867200CA0522 /* ReachAbility.swift */; };
		FC18CE0D233BDD2E005AB2AC /* AlertManager.swift in Sources */ = {isa = PBXBuildFile; fileRef = FC18CE0C233BDD2E005AB2AC /* AlertManager.swift */; };
		FC18CE0F233BE14C005AB2AC /* FinishedGameViewController.swift in Sources */ = {isa = PBXBuildFile; fileRef = FC18CE0E233BE14C005AB2AC /* FinishedGameViewController.swift */; };
		FC18CE11233BF834005AB2AC /* ViewManager.swift in Sources */ = {isa = PBXBuildFile; fileRef = FC18CE10233BF834005AB2AC /* ViewManager.swift */; };
		FC32FFE3232FDFC00066397F /* MainNavigationViewController.swift in Sources */ = {isa = PBXBuildFile; fileRef = FC32FFE2232FDFC00066397F /* MainNavigationViewController.swift */; };
		FC32FFE52330211A0066397F /* CoreDataStack.swift in Sources */ = {isa = PBXBuildFile; fileRef = FC32FFE42330211A0066397F /* CoreDataStack.swift */; };
		FC32FFE72330225E0066397F /* Alarm+Convenience.swift in Sources */ = {isa = PBXBuildFile; fileRef = FC32FFE62330225E0066397F /* Alarm+Convenience.swift */; };
		FC32FFE9233023AE0066397F /* DateFormatterHelper.swift in Sources */ = {isa = PBXBuildFile; fileRef = FC32FFE8233023AE0066397F /* DateFormatterHelper.swift */; };
		FC32FFEB23303DED0066397F /* Weather+Convenience.swift in Sources */ = {isa = PBXBuildFile; fileRef = FC32FFEA23303DED0066397F /* Weather+Convenience.swift */; };
		FC5C492B2326C55B00106CB9 /* AppDelegate.swift in Sources */ = {isa = PBXBuildFile; fileRef = FC5C492A2326C55B00106CB9 /* AppDelegate.swift */; };
		FC5C49302326C55B00106CB9 /* Main.storyboard in Resources */ = {isa = PBXBuildFile; fileRef = FC5C492E2326C55B00106CB9 /* Main.storyboard */; };
		FC5C49332326C55B00106CB9 /* Anti_Snooze_Alarm.xcdatamodeld in Sources */ = {isa = PBXBuildFile; fileRef = FC5C49312326C55B00106CB9 /* Anti_Snooze_Alarm.xcdatamodeld */; };
		FC5C49352326C55B00106CB9 /* Assets.xcassets in Resources */ = {isa = PBXBuildFile; fileRef = FC5C49342326C55B00106CB9 /* Assets.xcassets */; };
		FC5C49382326C55B00106CB9 /* LaunchScreen.storyboard in Resources */ = {isa = PBXBuildFile; fileRef = FC5C49362326C55B00106CB9 /* LaunchScreen.storyboard */; };
		FC887E0123295C260019CEF9 /* WeatherDecoding.swift in Sources */ = {isa = PBXBuildFile; fileRef = FC887E0023295C260019CEF9 /* WeatherDecoding.swift */; };
		FC887E032329610B0019CEF9 /* WeatherController.swift in Sources */ = {isa = PBXBuildFile; fileRef = FC887E022329610B0019CEF9 /* WeatherController.swift */; };
		FC887E05232963250019CEF9 /* Weather.swift in Sources */ = {isa = PBXBuildFile; fileRef = FC887E04232963250019CEF9 /* Weather.swift */; };
		FC8AF17B233D3470004871FC /* AreYouAwakeViewController.swift in Sources */ = {isa = PBXBuildFile; fileRef = FC8AF17A233D3470004871FC /* AreYouAwakeViewController.swift */; };
		FC8AF17D233D6FD1004871FC /* Drum.mp3 in Resources */ = {isa = PBXBuildFile; fileRef = FC8AF17C233D6FD1004871FC /* Drum.mp3 */; };
		FC8AF17F233D7180004871FC /* Old Fashion Alarm Clock.mp3 in Resources */ = {isa = PBXBuildFile; fileRef = FC8AF17E233D7180004871FC /* Old Fashion Alarm Clock.mp3 */; };
		FC9D7FB6232C2126009960E3 /* AlarmController.swift in Sources */ = {isa = PBXBuildFile; fileRef = FC9D7FB5232C2126009960E3 /* AlarmController.swift */; };
		FCAD137023283C57000F4EF5 /* MainViewController.swift in Sources */ = {isa = PBXBuildFile; fileRef = FCAD136F23283C57000F4EF5 /* MainViewController.swift */; };
		FCAD137223284065000F4EF5 /* MemorizeNumberViewController.swift in Sources */ = {isa = PBXBuildFile; fileRef = FCAD137123284065000F4EF5 /* MemorizeNumberViewController.swift */; };
		FCAD1375232842A7000F4EF5 /* WordOfTheDayViewController.swift in Sources */ = {isa = PBXBuildFile; fileRef = FCAD1374232842A7000F4EF5 /* WordOfTheDayViewController.swift */; };
		FCAD137723284304000F4EF5 /* MathViewController.swift in Sources */ = {isa = PBXBuildFile; fileRef = FCAD137623284304000F4EF5 /* MathViewController.swift */; };
		FCAD137923284315000F4EF5 /* SquaresViewController.swift in Sources */ = {isa = PBXBuildFile; fileRef = FCAD137823284315000F4EF5 /* SquaresViewController.swift */; };
		FCAD137B2328432C000F4EF5 /* LeftBrainRightBrainViewController.swift in Sources */ = {isa = PBXBuildFile; fileRef = FCAD137A2328432C000F4EF5 /* LeftBrainRightBrainViewController.swift */; };
		FCAD137E23284ACA000F4EF5 /* SetAlarmTableViewController.swift in Sources */ = {isa = PBXBuildFile; fileRef = FCAD137D23284ACA000F4EF5 /* SetAlarmTableViewController.swift */; };
		FCAD138023285B7E000F4EF5 /* Alarm.swift in Sources */ = {isa = PBXBuildFile; fileRef = FCAD137F23285B7E000F4EF5 /* Alarm.swift */; };
		FCAD138223286161000F4EF5 /* StyleGuide.swift in Sources */ = {isa = PBXBuildFile; fileRef = FCAD138123286161000F4EF5 /* StyleGuide.swift */; };
		FCAD138423286236000F4EF5 /* Colors.xcassets in Resources */ = {isa = PBXBuildFile; fileRef = FCAD138323286236000F4EF5 /* Colors.xcassets */; };
		FCB2A55223352642005FCDED /* ListOfWords.swift in Sources */ = {isa = PBXBuildFile; fileRef = FCB2A55123352642005FCDED /* ListOfWords.swift */; };
		FCE24B4623342B2200A9A29F /* Word.swift in Sources */ = {isa = PBXBuildFile; fileRef = FCE24B4523342B2200A9A29F /* Word.swift */; };
		FCE24B4823342BAD00A9A29F /* WordController.swift in Sources */ = {isa = PBXBuildFile; fileRef = FCE24B4723342BAD00A9A29F /* WordController.swift */; };
		FCE24B4C233456D900A9A29F /* RandomWordController.swift in Sources */ = {isa = PBXBuildFile; fileRef = FCE24B4B233456D900A9A29F /* RandomWordController.swift */; };
		FCE24B4E233457CD00A9A29F /* RandomWord.swift in Sources */ = {isa = PBXBuildFile; fileRef = FCE24B4D233457CD00A9A29F /* RandomWord.swift */; };
		FCFBF08C233A89A2006B5120 /* SoundManager.swift in Sources */ = {isa = PBXBuildFile; fileRef = FCFBF08B233A89A2006B5120 /* SoundManager.swift */; };
/* End PBXBuildFile section */

/* Begin PBXCopyFilesBuildPhase section */
		FC0F4D232335932C00479664 /* Embed App Extensions */ = {
			isa = PBXCopyFilesBuildPhase;
			buildActionMask = 2147483647;
			dstPath = "";
			dstSubfolderSpec = 13;
			files = (
			);
			name = "Embed App Extensions";
			runOnlyForDeploymentPostprocessing = 0;
		};
/* End PBXCopyFilesBuildPhase section */

/* Begin PBXFileReference section */
		FC03C2E2233E778C00CA0522 /* SciFi.mp3 */ = {isa = PBXFileReference; lastKnownFileType = audio.mp3; path = SciFi.mp3; sourceTree = "<group>"; };
		FC03C2E4233E7A8100CA0522 /* Sonar.mp3 */ = {isa = PBXFileReference; lastKnownFileType = audio.mp3; path = Sonar.mp3; sourceTree = "<group>"; };
		FC03C2E5233E7A8100CA0522 /* Thunder.mp3 */ = {isa = PBXFileReference; lastKnownFileType = audio.mp3; path = Thunder.mp3; sourceTree = "<group>"; };
		FC03C2E6233E7A8100CA0522 /* Magical.mp3 */ = {isa = PBXFileReference; lastKnownFileType = audio.mp3; path = Magical.mp3; sourceTree = "<group>"; };
		FC03C2E7233E7A8100CA0522 /* Doorbell.mp3 */ = {isa = PBXFileReference; lastKnownFileType = audio.mp3; path = Doorbell.mp3; sourceTree = "<group>"; };
		FC03C2EE233E867200CA0522 /* ReachAbility.swift */ = {isa = PBXFileReference; lastKnownFileType = sourcecode.swift; path = ReachAbility.swift; sourceTree = "<group>"; };
		FC18CE0C233BDD2E005AB2AC /* AlertManager.swift */ = {isa = PBXFileReference; lastKnownFileType = sourcecode.swift; path = AlertManager.swift; sourceTree = "<group>"; };
		FC18CE0E233BE14C005AB2AC /* FinishedGameViewController.swift */ = {isa = PBXFileReference; lastKnownFileType = sourcecode.swift; path = FinishedGameViewController.swift; sourceTree = "<group>"; };
		FC18CE10233BF834005AB2AC /* ViewManager.swift */ = {isa = PBXFileReference; lastKnownFileType = sourcecode.swift; path = ViewManager.swift; sourceTree = "<group>"; };
		FC32FFE2232FDFC00066397F /* MainNavigationViewController.swift */ = {isa = PBXFileReference; lastKnownFileType = sourcecode.swift; path = MainNavigationViewController.swift; sourceTree = "<group>"; };
		FC32FFE42330211A0066397F /* CoreDataStack.swift */ = {isa = PBXFileReference; lastKnownFileType = sourcecode.swift; path = CoreDataStack.swift; sourceTree = "<group>"; };
		FC32FFE62330225E0066397F /* Alarm+Convenience.swift */ = {isa = PBXFileReference; lastKnownFileType = sourcecode.swift; path = "Alarm+Convenience.swift"; sourceTree = "<group>"; };
		FC32FFE8233023AE0066397F /* DateFormatterHelper.swift */ = {isa = PBXFileReference; lastKnownFileType = sourcecode.swift; path = DateFormatterHelper.swift; sourceTree = "<group>"; };
		FC32FFEA23303DED0066397F /* Weather+Convenience.swift */ = {isa = PBXFileReference; lastKnownFileType = sourcecode.swift; path = "Weather+Convenience.swift"; sourceTree = "<group>"; };
		FC5C49272326C55B00106CB9 /* Snooze You Lose.app */ = {isa = PBXFileReference; explicitFileType = wrapper.application; includeInIndex = 0; path = "Snooze You Lose.app"; sourceTree = BUILT_PRODUCTS_DIR; };
		FC5C492A2326C55B00106CB9 /* AppDelegate.swift */ = {isa = PBXFileReference; lastKnownFileType = sourcecode.swift; path = AppDelegate.swift; sourceTree = "<group>"; };
		FC5C492F2326C55B00106CB9 /* Base */ = {isa = PBXFileReference; lastKnownFileType = file.storyboard; name = Base; path = Base.lproj/Main.storyboard; sourceTree = "<group>"; };
		FC5C49322326C55B00106CB9 /* Anti_Snooze_Alarm.xcdatamodel */ = {isa = PBXFileReference; lastKnownFileType = wrapper.xcdatamodel; path = Anti_Snooze_Alarm.xcdatamodel; sourceTree = "<group>"; };
		FC5C49342326C55B00106CB9 /* Assets.xcassets */ = {isa = PBXFileReference; lastKnownFileType = folder.assetcatalog; path = Assets.xcassets; sourceTree = "<group>"; };
		FC5C49372326C55B00106CB9 /* Base */ = {isa = PBXFileReference; lastKnownFileType = file.storyboard; name = Base; path = Base.lproj/LaunchScreen.storyboard; sourceTree = "<group>"; };
		FC5C49392326C55B00106CB9 /* Info.plist */ = {isa = PBXFileReference; lastKnownFileType = text.plist.xml; path = Info.plist; sourceTree = "<group>"; };
		FC887E0023295C260019CEF9 /* WeatherDecoding.swift */ = {isa = PBXFileReference; lastKnownFileType = sourcecode.swift; path = WeatherDecoding.swift; sourceTree = "<group>"; };
		FC887E022329610B0019CEF9 /* WeatherController.swift */ = {isa = PBXFileReference; lastKnownFileType = sourcecode.swift; path = WeatherController.swift; sourceTree = "<group>"; };
		FC887E04232963250019CEF9 /* Weather.swift */ = {isa = PBXFileReference; lastKnownFileType = sourcecode.swift; path = Weather.swift; sourceTree = "<group>"; };
		FC8AF17A233D3470004871FC /* AreYouAwakeViewController.swift */ = {isa = PBXFileReference; lastKnownFileType = sourcecode.swift; path = AreYouAwakeViewController.swift; sourceTree = "<group>"; };
		FC8AF17C233D6FD1004871FC /* Drum.mp3 */ = {isa = PBXFileReference; lastKnownFileType = audio.mp3; path = Drum.mp3; sourceTree = "<group>"; };
		FC8AF17E233D7180004871FC /* Old Fashion Alarm Clock.mp3 */ = {isa = PBXFileReference; lastKnownFileType = audio.mp3; path = "Old Fashion Alarm Clock.mp3"; sourceTree = "<group>"; };
		FC9D7FB5232C2126009960E3 /* AlarmController.swift */ = {isa = PBXFileReference; lastKnownFileType = sourcecode.swift; path = AlarmController.swift; sourceTree = "<group>"; };
		FCAD136F23283C57000F4EF5 /* MainViewController.swift */ = {isa = PBXFileReference; lastKnownFileType = sourcecode.swift; path = MainViewController.swift; sourceTree = "<group>"; };
		FCAD137123284065000F4EF5 /* MemorizeNumberViewController.swift */ = {isa = PBXFileReference; lastKnownFileType = sourcecode.swift; path = MemorizeNumberViewController.swift; sourceTree = "<group>"; };
		FCAD1374232842A7000F4EF5 /* WordOfTheDayViewController.swift */ = {isa = PBXFileReference; lastKnownFileType = sourcecode.swift; path = WordOfTheDayViewController.swift; sourceTree = "<group>"; };
		FCAD137623284304000F4EF5 /* MathViewController.swift */ = {isa = PBXFileReference; lastKnownFileType = sourcecode.swift; path = MathViewController.swift; sourceTree = "<group>"; };
		FCAD137823284315000F4EF5 /* SquaresViewController.swift */ = {isa = PBXFileReference; lastKnownFileType = sourcecode.swift; path = SquaresViewController.swift; sourceTree = "<group>"; };
		FCAD137A2328432C000F4EF5 /* LeftBrainRightBrainViewController.swift */ = {isa = PBXFileReference; lastKnownFileType = sourcecode.swift; path = LeftBrainRightBrainViewController.swift; sourceTree = "<group>"; };
		FCAD137C2328473A000F4EF5 /* Anti-Snooze-Alarm.entitlements */ = {isa = PBXFileReference; lastKnownFileType = text.plist.entitlements; path = "Anti-Snooze-Alarm.entitlements"; sourceTree = "<group>"; };
		FCAD137D23284ACA000F4EF5 /* SetAlarmTableViewController.swift */ = {isa = PBXFileReference; lastKnownFileType = sourcecode.swift; path = SetAlarmTableViewController.swift; sourceTree = "<group>"; };
		FCAD137F23285B7E000F4EF5 /* Alarm.swift */ = {isa = PBXFileReference; lastKnownFileType = sourcecode.swift; path = Alarm.swift; sourceTree = "<group>"; };
		FCAD138123286161000F4EF5 /* StyleGuide.swift */ = {isa = PBXFileReference; lastKnownFileType = sourcecode.swift; path = StyleGuide.swift; sourceTree = "<group>"; };
		FCAD138323286236000F4EF5 /* Colors.xcassets */ = {isa = PBXFileReference; lastKnownFileType = folder.assetcatalog; path = Colors.xcassets; sourceTree = "<group>"; };
		FCB2A55123352642005FCDED /* ListOfWords.swift */ = {isa = PBXFileReference; lastKnownFileType = sourcecode.swift; path = ListOfWords.swift; sourceTree = "<group>"; };
		FCE24B4523342B2200A9A29F /* Word.swift */ = {isa = PBXFileReference; lastKnownFileType = sourcecode.swift; path = Word.swift; sourceTree = "<group>"; };
		FCE24B4723342BAD00A9A29F /* WordController.swift */ = {isa = PBXFileReference; lastKnownFileType = sourcecode.swift; path = WordController.swift; sourceTree = "<group>"; };
		FCE24B4B233456D900A9A29F /* RandomWordController.swift */ = {isa = PBXFileReference; lastKnownFileType = sourcecode.swift; path = RandomWordController.swift; sourceTree = "<group>"; };
		FCE24B4D233457CD00A9A29F /* RandomWord.swift */ = {isa = PBXFileReference; lastKnownFileType = sourcecode.swift; path = RandomWord.swift; sourceTree = "<group>"; };
		FCFBF08B233A89A2006B5120 /* SoundManager.swift */ = {isa = PBXFileReference; lastKnownFileType = sourcecode.swift; path = SoundManager.swift; sourceTree = "<group>"; };
/* End PBXFileReference section */

/* Begin PBXFrameworksBuildPhase section */
		FC5C49242326C55B00106CB9 /* Frameworks */ = {
			isa = PBXFrameworksBuildPhase;
			buildActionMask = 2147483647;
			files = (
			);
			runOnlyForDeploymentPostprocessing = 0;
		};
/* End PBXFrameworksBuildPhase section */

/* Begin PBXGroup section */
		FC5C491E2326C55B00106CB9 = {
			isa = PBXGroup;
			children = (
				FC5C49292326C55B00106CB9 /* Anti-Snooze-Alarm */,
				FC5C49282326C55B00106CB9 /* Products */,
				FCB9949C2332DAE0009A1780 /* Frameworks */,
			);
			sourceTree = "<group>";
		};
		FC5C49282326C55B00106CB9 /* Products */ = {
			isa = PBXGroup;
			children = (
				FC5C49272326C55B00106CB9 /* Snooze You Lose.app */,
			);
			name = Products;
			sourceTree = "<group>";
		};
		FC5C49292326C55B00106CB9 /* Anti-Snooze-Alarm */ = {
			isa = PBXGroup;
			children = (
				FCAD137C2328473A000F4EF5 /* Anti-Snooze-Alarm.entitlements */,
				FC5C49432326C63C00106CB9 /* Storyboards */,
				FC5C49422326C62E00106CB9 /* View Controllers */,
				FC5C49412326C62600106CB9 /* Model Controllers */,
				FC5C49402326C62000106CB9 /* Models */,
				FC5C493F2326C61300106CB9 /* Resources */,
				FC5C49312326C55B00106CB9 /* Anti_Snooze_Alarm.xcdatamodeld */,
			);
			path = "Anti-Snooze-Alarm";
			sourceTree = "<group>";
		};
		FC5C493F2326C61300106CB9 /* Resources */ = {
			isa = PBXGroup;
			children = (
				FCEC4EB0233922C100344469 /* Sounds */,
				FC5C492A2326C55B00106CB9 /* AppDelegate.swift */,
				FC5C49342326C55B00106CB9 /* Assets.xcassets */,
				FCAD138323286236000F4EF5 /* Colors.xcassets */,
				FC5C49362326C55B00106CB9 /* LaunchScreen.storyboard */,
				FC5C49392326C55B00106CB9 /* Info.plist */,
			);
			path = Resources;
			sourceTree = "<group>";
		};
		FC5C49402326C62000106CB9 /* Models */ = {
			isa = PBXGroup;
			children = (
				FCAD137F23285B7E000F4EF5 /* Alarm.swift */,
				FC887E0023295C260019CEF9 /* WeatherDecoding.swift */,
				FC887E04232963250019CEF9 /* Weather.swift */,
				FC32FFE42330211A0066397F /* CoreDataStack.swift */,
				FC32FFE62330225E0066397F /* Alarm+Convenience.swift */,
				FC32FFE8233023AE0066397F /* DateFormatterHelper.swift */,
				FC32FFEA23303DED0066397F /* Weather+Convenience.swift */,
				FCE24B4523342B2200A9A29F /* Word.swift */,
				FCE24B4D233457CD00A9A29F /* RandomWord.swift */,
				FCB2A55123352642005FCDED /* ListOfWords.swift */,
			);
			path = Models;
			sourceTree = "<group>";
		};
		FC5C49412326C62600106CB9 /* Model Controllers */ = {
			isa = PBXGroup;
			children = (
				FC887E022329610B0019CEF9 /* WeatherController.swift */,
				FC9D7FB5232C2126009960E3 /* AlarmController.swift */,
				FCE24B4723342BAD00A9A29F /* WordController.swift */,
				FCE24B4B233456D900A9A29F /* RandomWordController.swift */,
				FCFBF08B233A89A2006B5120 /* SoundManager.swift */,
				FC18CE0C233BDD2E005AB2AC /* AlertManager.swift */,
				FC18CE10233BF834005AB2AC /* ViewManager.swift */,
				FC03C2EE233E867200CA0522 /* ReachAbility.swift */,
			);
			path = "Model Controllers";
			sourceTree = "<group>";
		};
		FC5C49422326C62E00106CB9 /* View Controllers */ = {
			isa = PBXGroup;
			children = (
				FC32FFE2232FDFC00066397F /* MainNavigationViewController.swift */,
				FCAD136F23283C57000F4EF5 /* MainViewController.swift */,
				FCAD137D23284ACA000F4EF5 /* SetAlarmTableViewController.swift */,
				FCAD13732328406B000F4EF5 /* Mini Games */,
				FC8AF17A233D3470004871FC /* AreYouAwakeViewController.swift */,
				FC18CE0E233BE14C005AB2AC /* FinishedGameViewController.swift */,
			);
			path = "View Controllers";
			sourceTree = "<group>";
		};
		FC5C49432326C63C00106CB9 /* Storyboards */ = {
			isa = PBXGroup;
			children = (
				FC5C492E2326C55B00106CB9 /* Main.storyboard */,
				FCAD138123286161000F4EF5 /* StyleGuide.swift */,
			);
			path = Storyboards;
			sourceTree = "<group>";
		};
		FCAD13732328406B000F4EF5 /* Mini Games */ = {
			isa = PBXGroup;
			children = (
				FCAD137123284065000F4EF5 /* MemorizeNumberViewController.swift */,
				FCAD1374232842A7000F4EF5 /* WordOfTheDayViewController.swift */,
				FCAD137623284304000F4EF5 /* MathViewController.swift */,
				FCAD137823284315000F4EF5 /* SquaresViewController.swift */,
				FCAD137A2328432C000F4EF5 /* LeftBrainRightBrainViewController.swift */,
			);
			path = "Mini Games";
			sourceTree = "<group>";
		};
		FCB9949C2332DAE0009A1780 /* Frameworks */ = {
			isa = PBXGroup;
			children = (
			);
			name = Frameworks;
			sourceTree = "<group>";
		};
		FCEC4EB0233922C100344469 /* Sounds */ = {
			isa = PBXGroup;
			children = (
				FC03C2E7233E7A8100CA0522 /* Doorbell.mp3 */,
				FC03C2E6233E7A8100CA0522 /* Magical.mp3 */,
				FC03C2E4233E7A8100CA0522 /* Sonar.mp3 */,
				FC03C2E5233E7A8100CA0522 /* Thunder.mp3 */,
				FC03C2E2233E778C00CA0522 /* SciFi.mp3 */,
				FC8AF17C233D6FD1004871FC /* Drum.mp3 */,
				FC8AF17E233D7180004871FC /* Old Fashion Alarm Clock.mp3 */,
			);
			path = Sounds;
			sourceTree = "<group>";
		};
/* End PBXGroup section */

/* Begin PBXNativeTarget section */
		FC5C49262326C55B00106CB9 /* Anti-Snooze-Alarm */ = {
			isa = PBXNativeTarget;
			buildConfigurationList = FC5C493C2326C55B00106CB9 /* Build configuration list for PBXNativeTarget "Anti-Snooze-Alarm" */;
			buildPhases = (
				FC5C49232326C55B00106CB9 /* Sources */,
				FC5C49242326C55B00106CB9 /* Frameworks */,
				FC5C49252326C55B00106CB9 /* Resources */,
				FC0F4D232335932C00479664 /* Embed App Extensions */,
			);
			buildRules = (
			);
			dependencies = (
			);
			name = "Anti-Snooze-Alarm";
			productName = "Anti-Snooze-Alarm";
			productReference = FC5C49272326C55B00106CB9 /* Snooze You Lose.app */;
			productType = "com.apple.product-type.application";
		};
/* End PBXNativeTarget section */

/* Begin PBXProject section */
		FC5C491F2326C55B00106CB9 /* Project object */ = {
			isa = PBXProject;
			attributes = {
				LastSwiftUpdateCheck = 1030;
				LastUpgradeCheck = 1030;
				ORGANIZATIONNAME = "Kevin Tanner";
				TargetAttributes = {
					FC5C49262326C55B00106CB9 = {
						CreatedOnToolsVersion = 10.3;
						SystemCapabilities = {
							com.apple.BackgroundModes = {
								enabled = 1;
							};
							com.apple.InterAppAudio = {
								enabled = 0;
							};
							com.apple.Push = {
								enabled = 1;
							};
						};
					};
				};
			};
			buildConfigurationList = FC5C49222326C55B00106CB9 /* Build configuration list for PBXProject "Anti-Snooze-Alarm" */;
			compatibilityVersion = "Xcode 9.3";
			developmentRegion = en;
			hasScannedForEncodings = 0;
			knownRegions = (
				en,
				Base,
			);
			mainGroup = FC5C491E2326C55B00106CB9;
			productRefGroup = FC5C49282326C55B00106CB9 /* Products */;
			projectDirPath = "";
			projectRoot = "";
			targets = (
				FC5C49262326C55B00106CB9 /* Anti-Snooze-Alarm */,
			);
		};
/* End PBXProject section */

/* Begin PBXResourcesBuildPhase section */
		FC5C49252326C55B00106CB9 /* Resources */ = {
			isa = PBXResourcesBuildPhase;
			buildActionMask = 2147483647;
			files = (
				FC8AF17D233D6FD1004871FC /* Drum.mp3 in Resources */,
				FC03C2EA233E7A8100CA0522 /* Magical.mp3 in Resources */,
				FC5C49382326C55B00106CB9 /* LaunchScreen.storyboard in Resources */,
				FC03C2E8233E7A8100CA0522 /* Sonar.mp3 in Resources */,
				FCAD138423286236000F4EF5 /* Colors.xcassets in Resources */,
				FC5C49352326C55B00106CB9 /* Assets.xcassets in Resources */,
				FC03C2E9233E7A8100CA0522 /* Thunder.mp3 in Resources */,
				FC03C2E3233E778C00CA0522 /* SciFi.mp3 in Resources */,
				FC8AF17F233D7180004871FC /* Old Fashion Alarm Clock.mp3 in Resources */,
				FC03C2EB233E7A8100CA0522 /* Doorbell.mp3 in Resources */,
				FC5C49302326C55B00106CB9 /* Main.storyboard in Resources */,
			);
			runOnlyForDeploymentPostprocessing = 0;
		};
/* End PBXResourcesBuildPhase section */

/* Begin PBXSourcesBuildPhase section */
		FC5C49232326C55B00106CB9 /* Sources */ = {
			isa = PBXSourcesBuildPhase;
			buildActionMask = 2147483647;
			files = (
				FCE24B4E233457CD00A9A29F /* RandomWord.swift in Sources */,
				FC32FFE52330211A0066397F /* CoreDataStack.swift in Sources */,
				FCAD1375232842A7000F4EF5 /* WordOfTheDayViewController.swift in Sources */,
				FC8AF17B233D3470004871FC /* AreYouAwakeViewController.swift in Sources */,
				FCAD137023283C57000F4EF5 /* MainViewController.swift in Sources */,
				FCE24B4C233456D900A9A29F /* RandomWordController.swift in Sources */,
				FCAD137923284315000F4EF5 /* SquaresViewController.swift in Sources */,
				FCAD137223284065000F4EF5 /* MemorizeNumberViewController.swift in Sources */,
				FC887E05232963250019CEF9 /* Weather.swift in Sources */,
				FCE24B4823342BAD00A9A29F /* WordController.swift in Sources */,
				FC32FFE3232FDFC00066397F /* MainNavigationViewController.swift in Sources */,
				FCAD138023285B7E000F4EF5 /* Alarm.swift in Sources */,
				FC18CE11233BF834005AB2AC /* ViewManager.swift in Sources */,
				FC18CE0D233BDD2E005AB2AC /* AlertManager.swift in Sources */,
				FC32FFE72330225E0066397F /* Alarm+Convenience.swift in Sources */,
				FC18CE0F233BE14C005AB2AC /* FinishedGameViewController.swift in Sources */,
				FC9D7FB6232C2126009960E3 /* AlarmController.swift in Sources */,
				FC5C49332326C55B00106CB9 /* Anti_Snooze_Alarm.xcdatamodeld in Sources */,
				FC887E0123295C260019CEF9 /* WeatherDecoding.swift in Sources */,
				FC32FFE9233023AE0066397F /* DateFormatterHelper.swift in Sources */,
				FCFBF08C233A89A2006B5120 /* SoundManager.swift in Sources */,
				FCAD138223286161000F4EF5 /* StyleGuide.swift in Sources */,
				FCAD137723284304000F4EF5 /* MathViewController.swift in Sources */,
				FC887E032329610B0019CEF9 /* WeatherController.swift in Sources */,
				FCE24B4623342B2200A9A29F /* Word.swift in Sources */,
				FCAD137E23284ACA000F4EF5 /* SetAlarmTableViewController.swift in Sources */,
				FCB2A55223352642005FCDED /* ListOfWords.swift in Sources */,
				FC32FFEB23303DED0066397F /* Weather+Convenience.swift in Sources */,
				FCAD137B2328432C000F4EF5 /* LeftBrainRightBrainViewController.swift in Sources */,
				FC03C2EF233E867200CA0522 /* ReachAbility.swift in Sources */,
				FC5C492B2326C55B00106CB9 /* AppDelegate.swift in Sources */,
			);
			runOnlyForDeploymentPostprocessing = 0;
		};
/* End PBXSourcesBuildPhase section */

/* Begin PBXVariantGroup section */
		FC5C492E2326C55B00106CB9 /* Main.storyboard */ = {
			isa = PBXVariantGroup;
			children = (
				FC5C492F2326C55B00106CB9 /* Base */,
			);
			name = Main.storyboard;
			sourceTree = "<group>";
		};
		FC5C49362326C55B00106CB9 /* LaunchScreen.storyboard */ = {
			isa = PBXVariantGroup;
			children = (
				FC5C49372326C55B00106CB9 /* Base */,
			);
			name = LaunchScreen.storyboard;
			sourceTree = "<group>";
		};
/* End PBXVariantGroup section */

/* Begin XCBuildConfiguration section */
		FC5C493A2326C55B00106CB9 /* Debug */ = {
			isa = XCBuildConfiguration;
			buildSettings = {
				ALWAYS_SEARCH_USER_PATHS = NO;
				CLANG_ANALYZER_NONNULL = YES;
				CLANG_ANALYZER_NUMBER_OBJECT_CONVERSION = YES_AGGRESSIVE;
				CLANG_CXX_LANGUAGE_STANDARD = "gnu++14";
				CLANG_CXX_LIBRARY = "libc++";
				CLANG_ENABLE_MODULES = YES;
				CLANG_ENABLE_OBJC_ARC = YES;
				CLANG_ENABLE_OBJC_WEAK = YES;
				CLANG_WARN_BLOCK_CAPTURE_AUTORELEASING = YES;
				CLANG_WARN_BOOL_CONVERSION = YES;
				CLANG_WARN_COMMA = YES;
				CLANG_WARN_CONSTANT_CONVERSION = YES;
				CLANG_WARN_DEPRECATED_OBJC_IMPLEMENTATIONS = YES;
				CLANG_WARN_DIRECT_OBJC_ISA_USAGE = YES_ERROR;
				CLANG_WARN_DOCUMENTATION_COMMENTS = YES;
				CLANG_WARN_EMPTY_BODY = YES;
				CLANG_WARN_ENUM_CONVERSION = YES;
				CLANG_WARN_INFINITE_RECURSION = YES;
				CLANG_WARN_INT_CONVERSION = YES;
				CLANG_WARN_NON_LITERAL_NULL_CONVERSION = YES;
				CLANG_WARN_OBJC_IMPLICIT_RETAIN_SELF = YES;
				CLANG_WARN_OBJC_LITERAL_CONVERSION = YES;
				CLANG_WARN_OBJC_ROOT_CLASS = YES_ERROR;
				CLANG_WARN_RANGE_LOOP_ANALYSIS = YES;
				CLANG_WARN_STRICT_PROTOTYPES = YES;
				CLANG_WARN_SUSPICIOUS_MOVE = YES;
				CLANG_WARN_UNGUARDED_AVAILABILITY = YES_AGGRESSIVE;
				CLANG_WARN_UNREACHABLE_CODE = YES;
				CLANG_WARN__DUPLICATE_METHOD_MATCH = YES;
				CODE_SIGN_IDENTITY = "iPhone Developer";
				COPY_PHASE_STRIP = NO;
				DEBUG_INFORMATION_FORMAT = dwarf;
				ENABLE_STRICT_OBJC_MSGSEND = YES;
				ENABLE_TESTABILITY = YES;
				GCC_C_LANGUAGE_STANDARD = gnu11;
				GCC_DYNAMIC_NO_PIC = NO;
				GCC_NO_COMMON_BLOCKS = YES;
				GCC_OPTIMIZATION_LEVEL = 0;
				GCC_PREPROCESSOR_DEFINITIONS = (
					"DEBUG=1",
					"$(inherited)",
				);
				GCC_WARN_64_TO_32_BIT_CONVERSION = YES;
				GCC_WARN_ABOUT_RETURN_TYPE = YES_ERROR;
				GCC_WARN_UNDECLARED_SELECTOR = YES;
				GCC_WARN_UNINITIALIZED_AUTOS = YES_AGGRESSIVE;
				GCC_WARN_UNUSED_FUNCTION = YES;
				GCC_WARN_UNUSED_VARIABLE = YES;
				IPHONEOS_DEPLOYMENT_TARGET = 12.4;
				MTL_ENABLE_DEBUG_INFO = INCLUDE_SOURCE;
				MTL_FAST_MATH = YES;
				ONLY_ACTIVE_ARCH = YES;
				SDKROOT = iphoneos;
				SWIFT_ACTIVE_COMPILATION_CONDITIONS = DEBUG;
				SWIFT_OPTIMIZATION_LEVEL = "-Onone";
			};
			name = Debug;
		};
		FC5C493B2326C55B00106CB9 /* Release */ = {
			isa = XCBuildConfiguration;
			buildSettings = {
				ALWAYS_SEARCH_USER_PATHS = NO;
				CLANG_ANALYZER_NONNULL = YES;
				CLANG_ANALYZER_NUMBER_OBJECT_CONVERSION = YES_AGGRESSIVE;
				CLANG_CXX_LANGUAGE_STANDARD = "gnu++14";
				CLANG_CXX_LIBRARY = "libc++";
				CLANG_ENABLE_MODULES = YES;
				CLANG_ENABLE_OBJC_ARC = YES;
				CLANG_ENABLE_OBJC_WEAK = YES;
				CLANG_WARN_BLOCK_CAPTURE_AUTORELEASING = YES;
				CLANG_WARN_BOOL_CONVERSION = YES;
				CLANG_WARN_COMMA = YES;
				CLANG_WARN_CONSTANT_CONVERSION = YES;
				CLANG_WARN_DEPRECATED_OBJC_IMPLEMENTATIONS = YES;
				CLANG_WARN_DIRECT_OBJC_ISA_USAGE = YES_ERROR;
				CLANG_WARN_DOCUMENTATION_COMMENTS = YES;
				CLANG_WARN_EMPTY_BODY = YES;
				CLANG_WARN_ENUM_CONVERSION = YES;
				CLANG_WARN_INFINITE_RECURSION = YES;
				CLANG_WARN_INT_CONVERSION = YES;
				CLANG_WARN_NON_LITERAL_NULL_CONVERSION = YES;
				CLANG_WARN_OBJC_IMPLICIT_RETAIN_SELF = YES;
				CLANG_WARN_OBJC_LITERAL_CONVERSION = YES;
				CLANG_WARN_OBJC_ROOT_CLASS = YES_ERROR;
				CLANG_WARN_RANGE_LOOP_ANALYSIS = YES;
				CLANG_WARN_STRICT_PROTOTYPES = YES;
				CLANG_WARN_SUSPICIOUS_MOVE = YES;
				CLANG_WARN_UNGUARDED_AVAILABILITY = YES_AGGRESSIVE;
				CLANG_WARN_UNREACHABLE_CODE = YES;
				CLANG_WARN__DUPLICATE_METHOD_MATCH = YES;
				CODE_SIGN_IDENTITY = "iPhone Developer";
				COPY_PHASE_STRIP = NO;
				DEBUG_INFORMATION_FORMAT = "dwarf-with-dsym";
				ENABLE_NS_ASSERTIONS = NO;
				ENABLE_STRICT_OBJC_MSGSEND = YES;
				GCC_C_LANGUAGE_STANDARD = gnu11;
				GCC_NO_COMMON_BLOCKS = YES;
				GCC_WARN_64_TO_32_BIT_CONVERSION = YES;
				GCC_WARN_ABOUT_RETURN_TYPE = YES_ERROR;
				GCC_WARN_UNDECLARED_SELECTOR = YES;
				GCC_WARN_UNINITIALIZED_AUTOS = YES_AGGRESSIVE;
				GCC_WARN_UNUSED_FUNCTION = YES;
				GCC_WARN_UNUSED_VARIABLE = YES;
				IPHONEOS_DEPLOYMENT_TARGET = 12.4;
				MTL_ENABLE_DEBUG_INFO = NO;
				MTL_FAST_MATH = YES;
				SDKROOT = iphoneos;
				SWIFT_COMPILATION_MODE = wholemodule;
				SWIFT_OPTIMIZATION_LEVEL = "-O";
				VALIDATE_PRODUCT = YES;
			};
			name = Release;
		};
		FC5C493D2326C55B00106CB9 /* Debug */ = {
			isa = XCBuildConfiguration;
			buildSettings = {
				ASSETCATALOG_COMPILER_APPICON_NAME = AppIcon;
				CODE_SIGN_ENTITLEMENTS = "Anti-Snooze-Alarm/Anti-Snooze-Alarm.entitlements";
				CODE_SIGN_STYLE = Automatic;
				DEVELOPMENT_TEAM = C39EPG5VUE;
				INFOPLIST_FILE = "$(SRCROOT)/Anti-Snooze-Alarm/Resources/Info.plist";
				IPHONEOS_DEPLOYMENT_TARGET = 13.0;
				LD_RUNPATH_SEARCH_PATHS = (
					"$(inherited)",
					"@executable_path/Frameworks",
				);
				PRODUCT_BUNDLE_IDENTIFIER = "com.kevintanner.Snooze-You-Lose";
				PRODUCT_NAME = "Snooze You Lose";
				SWIFT_VERSION = 5.0;
				TARGETED_DEVICE_FAMILY = 1;
			};
			name = Debug;
		};
		FC5C493E2326C55B00106CB9 /* Release */ = {
			isa = XCBuildConfiguration;
			buildSettings = {
				ASSETCATALOG_COMPILER_APPICON_NAME = AppIcon;
				CODE_SIGN_ENTITLEMENTS = "Anti-Snooze-Alarm/Anti-Snooze-Alarm.entitlements";
				CODE_SIGN_STYLE = Automatic;
				DEVELOPMENT_TEAM = C39EPG5VUE;
				INFOPLIST_FILE = "$(SRCROOT)/Anti-Snooze-Alarm/Resources/Info.plist";
				IPHONEOS_DEPLOYMENT_TARGET = 13.0;
				LD_RUNPATH_SEARCH_PATHS = (
					"$(inherited)",
					"@executable_path/Frameworks",
				);
				PRODUCT_BUNDLE_IDENTIFIER = "com.kevintanner.Snooze-You-Lose";
				PRODUCT_NAME = "Snooze You Lose";
				SWIFT_VERSION = 5.0;
				TARGETED_DEVICE_FAMILY = 1;
			};
			name = Release;
		};
/* End XCBuildConfiguration section */

/* Begin XCConfigurationList section */
		FC5C49222326C55B00106CB9 /* Build configuration list for PBXProject "Anti-Snooze-Alarm" */ = {
			isa = XCConfigurationList;
			buildConfigurations = (
				FC5C493A2326C55B00106CB9 /* Debug */,
				FC5C493B2326C55B00106CB9 /* Release */,
			);
			defaultConfigurationIsVisible = 0;
			defaultConfigurationName = Release;
		};
		FC5C493C2326C55B00106CB9 /* Build configuration list for PBXNativeTarget "Anti-Snooze-Alarm" */ = {
			isa = XCConfigurationList;
			buildConfigurations = (
				FC5C493D2326C55B00106CB9 /* Debug */,
				FC5C493E2326C55B00106CB9 /* Release */,
			);
			defaultConfigurationIsVisible = 0;
			defaultConfigurationName = Release;
		};
/* End XCConfigurationList section */

/* Begin XCVersionGroup section */
		FC5C49312326C55B00106CB9 /* Anti_Snooze_Alarm.xcdatamodeld */ = {
			isa = XCVersionGroup;
			children = (
				FC5C49322326C55B00106CB9 /* Anti_Snooze_Alarm.xcdatamodel */,
			);
			currentVersion = FC5C49322326C55B00106CB9 /* Anti_Snooze_Alarm.xcdatamodel */;
			path = Anti_Snooze_Alarm.xcdatamodeld;
			sourceTree = "<group>";
			versionGroupType = wrapper.xcdatamodel;
		};
/* End XCVersionGroup section */
	};
	rootObject = FC5C491F2326C55B00106CB9 /* Project object */;
}
